
Microsoft Visual Studio Solution File, Format Version 12.00
# Visual Studio Version 16
VisualStudioVersion = 16.0.31624.102
MinimumVisualStudioVersion = 10.0.40219.1
Project("{FAE04EC0-301F-11D3-BF4B-00C04F79EFBC}") = "SignalRMessenger", "SignalRMessenger\SignalRMessenger.csproj", "{CEE1AA28-98F3-4572-B03B-B0B24F67C4EB}"
EndProject
Global
	GlobalSection(SolutionConfigurationPlatforms) = preSolution
		Debug|Any CPU = Debug|Any CPU
		Release|Any CPU = Release|Any CPU
	EndGlobalSection
	GlobalSection(ProjectConfigurationPlatforms) = postSolution
		{CEE1AA28-98F3-4572-B03B-B0B24F67C4EB}.Debug|Any CPU.ActiveCfg = Debug|Any CPU
		{CEE1AA28-98F3-4572-B03B-B0B24F67C4EB}.Debug|Any CPU.Build.0 = Debug|Any CPU
		{CEE1AA28-98F3-4572-B03B-B0B24F67C4EB}.Release|Any CPU.ActiveCfg = Release|Any CPU
		{CEE1AA28-98F3-4572-B03B-B0B24F67C4EB}.Release|Any CPU.Build.0 = Release|Any CPU
	EndGlobalSection
	GlobalSection(SolutionProperties) = preSolution
		HideSolutionNode = FALSE
	EndGlobalSection
	GlobalSection(ExtensibilityGlobals) = postSolution
		SolutionGuid = {C34D6AFE-BA8B-40EA-BC01-7FC2E1054538}
	EndGlobalSection
EndGlobal
